
Microsoft Visual Studio Solution File, Format Version 12.00
# Visual Studio Version 16
VisualStudioVersion = 16.0.31129.286
MinimumVisualStudioVersion = 10.0.40219.1
Project("{FAE04EC0-301F-11D3-BF4B-00C04F79EFBC}") = "ConsoleAppRabbitMQ_Publisher", "ConsoleAppRabbitMQ_Publisher\ConsoleAppRabbitMQ_Publisher.csproj", "{AC62648F-0395-4E29-82F1-B2C07759A2A1}"
EndProject
Global
	GlobalSection(SolutionConfigurationPlatforms) = preSolution
		Debug|Any CPU = Debug|Any CPU
		Release|Any CPU = Release|Any CPU
	EndGlobalSection
	GlobalSection(ProjectConfigurationPlatforms) = postSolution
		{AC62648F-0395-4E29-82F1-B2C07759A2A1}.Debug|Any CPU.ActiveCfg = Debug|Any CPU
		{AC62648F-0395-4E29-82F1-B2C07759A2A1}.Debug|Any CPU.Build.0 = Debug|Any CPU
		{AC62648F-0395-4E29-82F1-B2C07759A2A1}.Release|Any CPU.ActiveCfg = Release|Any CPU
		{AC62648F-0395-4E29-82F1-B2C07759A2A1}.Release|Any CPU.Build.0 = Release|Any CPU
	EndGlobalSection
	GlobalSection(SolutionProperties) = preSolution
		HideSolutionNode = FALSE
	EndGlobalSection
	GlobalSection(ExtensibilityGlobals) = postSolution
		SolutionGuid = {86A1091A-A319-4B7A-888E-641E9A780C29}
	EndGlobalSection
EndGlobal
